
Microsoft Visual Studio Solution File, Format Version 12.00
# Visual Studio Version 17
VisualStudioVersion = 17.9.34728.123
MinimumVisualStudioVersion = 10.0.40219.1
Project("{FAE04EC0-301F-11D3-BF4B-00C04F79EFBC}") = "HexpatCombiner", "HexpatCombiner.csproj", "{8C2FE98F-A12C-4DD6-9B51-BB10583DF4DD}"
EndProject
Global
	GlobalSection(SolutionConfigurationPlatforms) = preSolution
		Debug|Any CPU = Debug|Any CPU
		Release|Any CPU = Release|Any CPU
	EndGlobalSection
	GlobalSection(ProjectConfigurationPlatforms) = postSolution
		{8C2FE98F-A12C-4DD6-9B51-BB10583DF4DD}.Debug|Any CPU.ActiveCfg = Debug|Any CPU
		{8C2FE98F-A12C-4DD6-9B51-BB10583DF4DD}.Debug|Any CPU.Build.0 = Debug|Any CPU
		{8C2FE98F-A12C-4DD6-9B51-BB10583DF4DD}.Release|Any CPU.ActiveCfg = Release|Any CPU
		{8C2FE98F-A12C-4DD6-9B51-BB10583DF4DD}.Release|Any CPU.Build.0 = Release|Any CPU
	EndGlobalSection
	GlobalSection(SolutionProperties) = preSolution
		HideSolutionNode = FALSE
	EndGlobalSection
	GlobalSection(ExtensibilityGlobals) = postSolution
		SolutionGuid = {0C4F76A7-C19F-4ACE-A490-2AD395A7C6D7}
	EndGlobalSection
EndGlobal
